
Microsoft Visual Studio Solution File, Format Version 12.00
# Visual Studio Version 17
VisualStudioVersion = 17.9.34714.143
MinimumVisualStudioVersion = 10.0.40219.1
Project("{9A19103F-16F7-4668-BE54-9A1E7A4F7556}") = "AW_Lib", "AW_Lib\AW_Lib.csproj", "{18879275-B87F-4B38-8B47-C294A1DD9D0F}"
EndProject
Project("{9A19103F-16F7-4668-BE54-9A1E7A4F7556}") = "ConsoleApp", "Console\ConsoleApp.csproj", "{23502320-4440-4A96-8E6B-7DCAC6611AA5}"
	ProjectSection(ProjectDependencies) = postProject
		{18879275-B87F-4B38-8B47-C294A1DD9D0F} = {18879275-B87F-4B38-8B47-C294A1DD9D0F}
	EndProjectSection
EndProject
Global
	GlobalSection(SolutionConfigurationPlatforms) = preSolution
		Debug|Any CPU = Debug|Any CPU
		Release|Any CPU = Release|Any CPU
	EndGlobalSection
	GlobalSection(ProjectConfigurationPlatforms) = postSolution
		{18879275-B87F-4B38-8B47-C294A1DD9D0F}.Debug|Any CPU.ActiveCfg = Debug|Any CPU
		{18879275-B87F-4B38-8B47-C294A1DD9D0F}.Debug|Any CPU.Build.0 = Debug|Any CPU
		{18879275-B87F-4B38-8B47-C294A1DD9D0F}.Release|Any CPU.ActiveCfg = Release|Any CPU
		{18879275-B87F-4B38-8B47-C294A1DD9D0F}.Release|Any CPU.Build.0 = Release|Any CPU
		{23502320-4440-4A96-8E6B-7DCAC6611AA5}.Debug|Any CPU.ActiveCfg = Debug|Any CPU
		{23502320-4440-4A96-8E6B-7DCAC6611AA5}.Debug|Any CPU.Build.0 = Debug|Any CPU
		{23502320-4440-4A96-8E6B-7DCAC6611AA5}.Release|Any CPU.ActiveCfg = Release|Any CPU
		{23502320-4440-4A96-8E6B-7DCAC6611AA5}.Release|Any CPU.Build.0 = Release|Any CPU
	EndGlobalSection
	GlobalSection(SolutionProperties) = preSolution
		HideSolutionNode = FALSE
	EndGlobalSection
	GlobalSection(ExtensibilityGlobals) = postSolution
		SolutionGuid = {60A9084B-0187-4C18-851F-51B68B71B755}
	EndGlobalSection
EndGlobal
